
Microsoft Visual Studio Solution File, Format Version 12.00
# Visual Studio 15
VisualStudioVersion = 15.0.28307.705
MinimumVisualStudioVersion = 10.0.40219.1
Project("{FAE04EC0-301F-11D3-BF4B-00C04F79EFBC}") = "MathFigures", "MathFigures\MathFigures.csproj", "{C92BB910-E8F6-48D0-A7C6-21BA5B7D5C10}"
EndProject
Project("{9A19103F-16F7-4668-BE54-9A1E7A4F7556}") = "MathFiguresTest", "MathFiguresTest\MathFiguresTest.csproj", "{4649CE2E-74C9-4CEB-9963-859E1FC594EE}"
EndProject
Global
	GlobalSection(SolutionConfigurationPlatforms) = preSolution
		Debug|Any CPU = Debug|Any CPU
		Release|Any CPU = Release|Any CPU
	EndGlobalSection
	GlobalSection(ProjectConfigurationPlatforms) = postSolution
		{C92BB910-E8F6-48D0-A7C6-21BA5B7D5C10}.Debug|Any CPU.ActiveCfg = Debug|Any CPU
		{C92BB910-E8F6-48D0-A7C6-21BA5B7D5C10}.Debug|Any CPU.Build.0 = Debug|Any CPU
		{C92BB910-E8F6-48D0-A7C6-21BA5B7D5C10}.Release|Any CPU.ActiveCfg = Release|Any CPU
		{C92BB910-E8F6-48D0-A7C6-21BA5B7D5C10}.Release|Any CPU.Build.0 = Release|Any CPU
		{4649CE2E-74C9-4CEB-9963-859E1FC594EE}.Debug|Any CPU.ActiveCfg = Debug|Any CPU
		{4649CE2E-74C9-4CEB-9963-859E1FC594EE}.Debug|Any CPU.Build.0 = Debug|Any CPU
		{4649CE2E-74C9-4CEB-9963-859E1FC594EE}.Release|Any CPU.ActiveCfg = Release|Any CPU
		{4649CE2E-74C9-4CEB-9963-859E1FC594EE}.Release|Any CPU.Build.0 = Release|Any CPU
	EndGlobalSection
	GlobalSection(SolutionProperties) = preSolution
		HideSolutionNode = FALSE
	EndGlobalSection
	GlobalSection(ExtensibilityGlobals) = postSolution
		SolutionGuid = {42FA3B1B-50CB-4385-8971-241A5EF16FC3}
	EndGlobalSection
EndGlobal
